
Microsoft Visual Studio Solution File, Format Version 12.00
# Visual Studio Version 17
VisualStudioVersion = 17.10.35027.167
MinimumVisualStudioVersion = 10.0.40219.1
Project("{FAE04EC0-301F-11D3-BF4B-00C04F79EFBC}") = "Website_QLy_BanHang", "Website_QLy_BanHang\Website_QLy_BanHang.csproj", "{9976C993-1E49-4CE1-A6B6-E5BCF4560F8C}"
EndProject
Project("{FAE04EC0-301F-11D3-BF4B-00C04F79EFBC}") = "MyClass", "MyClass\MyClass.csproj", "{DBB2B504-2AF4-4EEC-AAC8-424487182C36}"
EndProject
Global
	GlobalSection(SolutionConfigurationPlatforms) = preSolution
		Debug|Any CPU = Debug|Any CPU
		Release|Any CPU = Release|Any CPU
	EndGlobalSection
	GlobalSection(ProjectConfigurationPlatforms) = postSolution
		{9976C993-1E49-4CE1-A6B6-E5BCF4560F8C}.Debug|Any CPU.ActiveCfg = Debug|Any CPU
		{9976C993-1E49-4CE1-A6B6-E5BCF4560F8C}.Debug|Any CPU.Build.0 = Debug|Any CPU
		{9976C993-1E49-4CE1-A6B6-E5BCF4560F8C}.Release|Any CPU.ActiveCfg = Release|Any CPU
		{9976C993-1E49-4CE1-A6B6-E5BCF4560F8C}.Release|Any CPU.Build.0 = Release|Any CPU
		{DBB2B504-2AF4-4EEC-AAC8-424487182C36}.Debug|Any CPU.ActiveCfg = Debug|Any CPU
		{DBB2B504-2AF4-4EEC-AAC8-424487182C36}.Debug|Any CPU.Build.0 = Debug|Any CPU
		{DBB2B504-2AF4-4EEC-AAC8-424487182C36}.Release|Any CPU.ActiveCfg = Release|Any CPU
		{DBB2B504-2AF4-4EEC-AAC8-424487182C36}.Release|Any CPU.Build.0 = Release|Any CPU
	EndGlobalSection
	GlobalSection(SolutionProperties) = preSolution
		HideSolutionNode = FALSE
	EndGlobalSection
	GlobalSection(ExtensibilityGlobals) = postSolution
		SolutionGuid = {30D79887-9CA7-437F-8359-6C6D9A0B2FC4}
	EndGlobalSection
EndGlobal
